PODS:
  - AttributedString (0.1.0)
  - FLEX (4.7.0)
  - Toast (4.0.0)
  - Toast-Swift (5.0.1)

DEPENDENCIES:
  - AttributedString (from `../`)
  - FLEX
  - Toast
  - Toast-Swift

SPEC REPOS:
  trunk:
    - FLEX
    - Toast
    - Toast-Swift

EXTERNAL SOURCES:
  AttributedString:
    :path: "../"

SPEC CHECKSUMS:
  AttributedString: 1ab8053ab5eb600f0c75eb17a7b4e1653cebf838
  FLEX: bdc9ac7d4a239e3d04c298c01221203257d63a80
  Toast: 91b396c56ee72a5790816f40d3a94dd357abc196
  Toast-Swift: 9b6a70f28b3bf0b96c40d46c0c4b9d6639846711

PODFILE CHECKSUM: 5e943baeb30e090356679668347bd09d94b74005

COCOAPODS: 1.11.2
